// !$*UTF8*$!
{
	archiveVersion = 1;
	classes = {
	};
	objectVersion = 90;
	objects = {

/* Begin PBXBuildFile section */
		134B4A032F14685F00B7F659 /* utf.cpp in Sources */ = {isa = PBXBuildFile; fileRef = 134B4A022F14685F00B7F659 /* utf.cpp */; };
		134B4A062F15BE6600B7F659 /* md.cpp in Sources */ = {isa = PBXBuildFile; fileRef = 134B4A052F15BE6600B7F659 /* md.cpp */; };
		134B4B752F17356400B7F659 /* hpnote.cpp in Sources */ = {isa = PBXBuildFile; fileRef = 134B4B742F17356400B7F659 /* hpnote.cpp */; };
		1352EDF62B4786BD003130E4 /* main.cpp in Sources */ = {isa = PBXBuildFile; fileRef = 1352EDF42B4786BC003130E4 /* main.cpp */; };
/* End PBXBuildFile section */

/* Begin PBXCopyFilesBuildPhase section */
		13EBE2F12B22249000302F26 /* CopyFiles */ = {
			isa = PBXCopyFilesBuildPhase;
			dstPath = /usr/share/man/man1/;
			dstSubfolder = None;
			files = (
			);
			runOnlyForDeploymentPostprocessing = 1;
		};
/* End PBXCopyFilesBuildPhase section */

/* Begin PBXFileReference section */
		134B4A012F14685F00B7F659 /* utf.hpp */ = {isa = PBXFileReference; lastKnownFileType = sourcecode.cpp.h; path = utf.hpp; sourceTree = "<group>"; };
		134B4A022F14685F00B7F659 /* utf.cpp */ = {isa = PBXFileReference; lastKnownFileType = sourcecode.cpp.cpp; path = utf.cpp; sourceTree = "<group>"; };
		134B4A042F15BE6600B7F659 /* md.hpp */ = {isa = PBXFileReference; lastKnownFileType = sourcecode.cpp.h; path = md.hpp; sourceTree = "<group>"; };
		134B4A052F15BE6600B7F659 /* md.cpp */ = {isa = PBXFileReference; lastKnownFileType = sourcecode.cpp.cpp; path = md.cpp; sourceTree = "<group>"; };
		134B4B732F17356400B7F659 /* hpnote.hpp */ = {isa = PBXFileReference; lastKnownFileType = sourcecode.cpp.h; path = hpnote.hpp; sourceTree = "<group>"; };
		134B4B742F17356400B7F659 /* hpnote.cpp */ = {isa = PBXFileReference; lastKnownFileType = sourcecode.cpp.cpp; path = hpnote.cpp; sourceTree = "<group>"; };
		1352EDF42B4786BC003130E4 /* main.cpp */ = {isa = PBXFileReference; fileEncoding = 4; lastKnownFileType = sourcecode.cpp.cpp; path = main.cpp; sourceTree = "<group>"; };
		136A448D2EF5CB7A0017E5AF /* Makefile */ = {isa = PBXFileReference; lastKnownFileType = sourcecode.make; path = Makefile; sourceTree = "<group>"; };
		136E64442D262CE90054E0CC /* version.txt */ = {isa = PBXFileReference; lastKnownFileType = text; path = version.txt; sourceTree = "<group>"; };
		138F54D42C977703009357F9 /* LICENSE.md */ = {isa = PBXFileReference; lastKnownFileType = net.daringfireball.markdown; path = LICENSE.md; sourceTree = "<group>"; };
		138F54D52C977708009357F9 /* README.md */ = {isa = PBXFileReference; lastKnownFileType = net.daringfireball.markdown; path = README.md; sourceTree = "<group>"; };
		13E40E602EE122A100AED5C4 /* timer.hpp */ = {isa = PBXFileReference; lastKnownFileType = sourcecode.cpp.h; path = timer.hpp; sourceTree = "<group>"; };
		13E40F602EE50FF400AED5C4 /* extensions.hpp */ = {isa = PBXFileReference; lastKnownFileType = sourcecode.cpp.h; path = extensions.hpp; sourceTree = "<group>"; };
		13EBE2F32B22249100302F26 /* note */ = {isa = PBXFileReference; explicitFileType = "compiled.mach-o.executable"; includeInIndex = 0; path = note; sourceTree = BUILT_PRODUCTS_DIR; };
/* End PBXFileReference section */

/* Begin PBXFileSystemSynchronizedRootGroup section */
		134B4A682F15C33B00B7F659 /* test */ = {
			isa = PBXFileSystemSynchronizedRootGroup;
			path = test;
			sourceTree = "<group>";
		};
/* End PBXFileSystemSynchronizedRootGroup section */

/* Begin PBXFrameworksBuildPhase section */
		13EBE2F02B22249000302F26 /* Frameworks */ = {
			isa = PBXFrameworksBuildPhase;
			files = (
			);
		};
/* End PBXFrameworksBuildPhase section */

/* Begin PBXGroup section */
		1352EDEC2B4786BC003130E4 /* src */ = {
			isa = PBXGroup;
			children = (
				1352EDF42B4786BC003130E4 /* main.cpp */,
				134B4B732F17356400B7F659 /* hpnote.hpp */,
				134B4B742F17356400B7F659 /* hpnote.cpp */,
				134B4A042F15BE6600B7F659 /* md.hpp */,
				134B4A052F15BE6600B7F659 /* md.cpp */,
				134B4A012F14685F00B7F659 /* utf.hpp */,
				134B4A022F14685F00B7F659 /* utf.cpp */,
				13E40E602EE122A100AED5C4 /* timer.hpp */,
				13E40F602EE50FF400AED5C4 /* extensions.hpp */,
			);
			path = src;
			sourceTree = "<group>";
		};
		136A448E2EF5CCE60017E5AF /* Frameworks */ = {
			isa = PBXGroup;
			children = (
			);
			name = Frameworks;
			sourceTree = "<group>";
		};
		137FB27C2A03B06500AEFDF2 = {
			isa = PBXGroup;
			children = (
				136E64442D262CE90054E0CC /* version.txt */,
				138F54D42C977703009357F9 /* LICENSE.md */,
				138F54D52C977708009357F9 /* README.md */,
				136A448D2EF5CB7A0017E5AF /* Makefile */,
				134B4A682F15C33B00B7F659 /* test */,
				1352EDEC2B4786BC003130E4 /* src */,
				136A448E2EF5CCE60017E5AF /* Frameworks */,
				137FB2862A03B06500AEFDF2 /* Products */,
			);
			sourceTree = "<group>";
		};
		137FB2862A03B06500AEFDF2 /* Products */ = {
			isa = PBXGroup;
			children = (
				13EBE2F32B22249100302F26 /* note */,
			);
			name = Products;
			sourceTree = "<group>";
		};
/* End PBXGroup section */

/* Begin PBXNativeTarget section */
		13EBE2F22B22249000302F26 /* note */ = {
			isa = PBXNativeTarget;
			buildConfigurationList = 13EBE2F72B22249100302F26 /* Build configuration list for PBXNativeTarget "note" */;
			buildPhases = (
				13EBE2EF2B22249000302F26 /* Sources */,
				13EBE2F02B22249000302F26 /* Frameworks */,
				13EBE2F12B22249000302F26 /* CopyFiles */,
			);
			buildRules = (
			);
			name = note;
			productName = grob;
			productReference = 13EBE2F32B22249100302F26 /* note */;
			productType = "com.apple.product-type.tool";
		};
/* End PBXNativeTarget section */

/* Begin PBXProject section */
		137FB27D2A03B06500AEFDF2 /* Project object */ = {
			isa = PBXProject;
			attributes = {
				BuildIndependentTargetsInParallel = 1;
				LastUpgradeCheck = 2620;
				TargetAttributes = {
					13EBE2F22B22249000302F26 = {
						CreatedOnToolsVersion = 14.3.1;
					};
				};
			};
			buildConfigurationList = 137FB2802A03B06500AEFDF2 /* Build configuration list for PBXProject "note" */;
			developmentRegion = en;
			hasScannedForEncodings = 0;
			knownRegions = (
				en,
				Base,
			);
			mainGroup = 137FB27C2A03B06500AEFDF2;
			preferredProjectObjectVersion = 90;
			productRefGroup = 137FB2862A03B06500AEFDF2 /* Products */;
			projectDirPath = "";
			projectRoot = "";
			targets = (
				13EBE2F22B22249000302F26 /* note */,
			);
		};
/* End PBXProject section */

/* Begin PBXSourcesBuildPhase section */
		13EBE2EF2B22249000302F26 /* Sources */ = {
			isa = PBXSourcesBuildPhase;
			files = (
				1352EDF62B4786BD003130E4 /* main.cpp in Sources */,
				134B4B752F17356400B7F659 /* hpnote.cpp in Sources */,
				134B4A062F15BE6600B7F659 /* md.cpp in Sources */,
				134B4A032F14685F00B7F659 /* utf.cpp in Sources */,
			);
		};
/* End PBXSourcesBuildPhase section */

/* Begin XCBuildConfiguration section */
		137FB28A2A03B06500AEFDF2 /* Debug configuration for PBXProject "note" */ = {
			isa = XCBuildConfiguration;
			buildSettings = {
				ALWAYS_SEARCH_USER_PATHS = NO;
				CLANG_ANALYZER_NONNULL = YES;
				CLANG_ANALYZER_NUMBER_OBJECT_CONVERSION = YES_AGGRESSIVE;
				CLANG_CXX_LANGUAGE_STANDARD = "gnu++20";
				CLANG_ENABLE_MODULES = YES;
				CLANG_ENABLE_OBJC_ARC = YES;
				CLANG_ENABLE_OBJC_WEAK = YES;
				CLANG_WARN_BLOCK_CAPTURE_AUTORELEASING = YES;
				CLANG_WARN_BOOL_CONVERSION = YES;
				CLANG_WARN_COMMA = YES;
				CLANG_WARN_CONSTANT_CONVERSION = YES;
				CLANG_WARN_DEPRECATED_OBJC_IMPLEMENTATIONS = YES;
				CLANG_WARN_DIRECT_OBJC_ISA_USAGE = YES_ERROR;
				CLANG_WARN_DOCUMENTATION_COMMENTS = YES;
				CLANG_WARN_EMPTY_BODY = YES;
				CLANG_WARN_ENUM_CONVERSION = YES;
				CLANG_WARN_INFINITE_RECURSION = YES;
				CLANG_WARN_INT_CONVERSION = YES;
				CLANG_WARN_NON_LITERAL_NULL_CONVERSION = YES;
				CLANG_WARN_OBJC_IMPLICIT_RETAIN_SELF = YES;
				CLANG_WARN_OBJC_LITERAL_CONVERSION = YES;
				CLANG_WARN_OBJC_ROOT_CLASS = YES_ERROR;
				CLANG_WARN_QUOTED_INCLUDE_IN_FRAMEWORK_HEADER = YES;
				CLANG_WARN_RANGE_LOOP_ANALYSIS = YES;
				CLANG_WARN_STRICT_PROTOTYPES = YES;
				CLANG_WARN_SUSPICIOUS_MOVE = YES;
				CLANG_WARN_UNGUARDED_AVAILABILITY = YES_AGGRESSIVE;
				CLANG_WARN_UNREACHABLE_CODE = YES;
				CLANG_WARN__DUPLICATE_METHOD_MATCH = YES;
				COPY_PHASE_STRIP = NO;
				DEAD_CODE_STRIPPING = YES;
				DEBUG_INFORMATION_FORMAT = dwarf;
				DEVELOPMENT_TEAM = 8XN79M4JCJ;
				ENABLE_STRICT_OBJC_MSGSEND = YES;
				ENABLE_TESTABILITY = YES;
				ENABLE_USER_SCRIPT_SANDBOXING = YES;
				GCC_C_LANGUAGE_STANDARD = gnu11;
				GCC_DYNAMIC_NO_PIC = NO;
				GCC_NO_COMMON_BLOCKS = YES;
				GCC_OPTIMIZATION_LEVEL = 0;
				GCC_PREPROCESSOR_DEFINITIONS = (
					"DEBUG=1",
					"$(inherited)",
				);
				GCC_WARN_64_TO_32_BIT_CONVERSION = YES;
				GCC_WARN_ABOUT_RETURN_TYPE = YES_ERROR;
				GCC_WARN_UNDECLARED_SELECTOR = YES;
				GCC_WARN_UNINITIALIZED_AUTOS = YES_AGGRESSIVE;
				GCC_WARN_UNUSED_FUNCTION = YES;
				GCC_WARN_UNUSED_VARIABLE = YES;
				MACOSX_DEPLOYMENT_TARGET = 26.0;
				MTL_ENABLE_DEBUG_INFO = INCLUDE_SOURCE;
				MTL_FAST_MATH = YES;
				ONLY_ACTIVE_ARCH = YES;
				SDKROOT = macosx;
				STRING_CATALOG_GENERATE_SYMBOLS = YES;
			};
			name = Debug;
		};
		137FB28B2A03B06500AEFDF2 /* Release configuration for PBXProject "note" */ = {
			isa = XCBuildConfiguration;
			buildSettings = {
				ALWAYS_SEARCH_USER_PATHS = NO;
				CLANG_ANALYZER_NONNULL = YES;
				CLANG_ANALYZER_NUMBER_OBJECT_CONVERSION = YES_AGGRESSIVE;
				CLANG_CXX_LANGUAGE_STANDARD = "gnu++20";
				CLANG_ENABLE_MODULES = YES;
				CLANG_ENABLE_OBJC_ARC = YES;
				CLANG_ENABLE_OBJC_WEAK = YES;
				CLANG_WARN_BLOCK_CAPTURE_AUTORELEASING = YES;
				CLANG_WARN_BOOL_CONVERSION = YES;
				CLANG_WARN_COMMA = YES;
				CLANG_WARN_CONSTANT_CONVERSION = YES;
				CLANG_WARN_DEPRECATED_OBJC_IMPLEMENTATIONS = YES;
				CLANG_WARN_DIRECT_OBJC_ISA_USAGE = YES_ERROR;
				CLANG_WARN_DOCUMENTATION_COMMENTS = YES;
				CLANG_WARN_EMPTY_BODY = YES;
				CLANG_WARN_ENUM_CONVERSION = YES;
				CLANG_WARN_INFINITE_RECURSION = YES;
				CLANG_WARN_INT_CONVERSION = YES;
				CLANG_WARN_NON_LITERAL_NULL_CONVERSION = YES;
				CLANG_WARN_OBJC_IMPLICIT_RETAIN_SELF = YES;
				CLANG_WARN_OBJC_LITERAL_CONVERSION = YES;
				CLANG_WARN_OBJC_ROOT_CLASS = YES_ERROR;
				CLANG_WARN_QUOTED_INCLUDE_IN_FRAMEWORK_HEADER = YES;
				CLANG_WARN_RANGE_LOOP_ANALYSIS = YES;
				CLANG_WARN_STRICT_PROTOTYPES = YES;
				CLANG_WARN_SUSPICIOUS_MOVE = YES;
				CLANG_WARN_UNGUARDED_AVAILABILITY = YES_AGGRESSIVE;
				CLANG_WARN_UNREACHABLE_CODE = YES;
				CLANG_WARN__DUPLICATE_METHOD_MATCH = YES;
				COPY_PHASE_STRIP = NO;
				DEAD_CODE_STRIPPING = YES;
				DEBUG_INFORMATION_FORMAT = "dwarf-with-dsym";
				DEVELOPMENT_TEAM = 8XN79M4JCJ;
				ENABLE_NS_ASSERTIONS = NO;
				ENABLE_STRICT_OBJC_MSGSEND = YES;
				ENABLE_USER_SCRIPT_SANDBOXING = YES;
				GCC_C_LANGUAGE_STANDARD = gnu11;
				GCC_NO_COMMON_BLOCKS = YES;
				GCC_WARN_64_TO_32_BIT_CONVERSION = YES;
				GCC_WARN_ABOUT_RETURN_TYPE = YES_ERROR;
				GCC_WARN_UNDECLARED_SELECTOR = YES;
				GCC_WARN_UNINITIALIZED_AUTOS = YES_AGGRESSIVE;
				GCC_WARN_UNUSED_FUNCTION = YES;
				GCC_WARN_UNUSED_VARIABLE = YES;
				MACOSX_DEPLOYMENT_TARGET = 26.0;
				MTL_ENABLE_DEBUG_INFO = NO;
				MTL_FAST_MATH = YES;
				SDKROOT = macosx;
				STRING_CATALOG_GENERATE_SYMBOLS = YES;
			};
			name = Release;
		};
		13EBE2F82B22249100302F26 /* Debug configuration for PBXNativeTarget "note" */ = {
			isa = XCBuildConfiguration;
			buildSettings = {
				CLANG_CXX_LANGUAGE_STANDARD = "gnu++23";
				"CODE_SIGN_IDENTITY[sdk=macosx*]" = "-";
				CODE_SIGN_STYLE = Automatic;
				DEAD_CODE_STRIPPING = YES;
				ENABLE_USER_SCRIPT_SANDBOXING = NO;
				GCC_C_LANGUAGE_STANDARD = gnu23;
				LIBRARY_SEARCH_PATHS = (
					"$(inherited)",
					/opt/homebrew/lib,
					"$(PROJECT_DIR)/src",
					"$(PROJECT_DIR)/src/libz/lib/arm64",
					"$(PROJECT_DIR)/src/libpng/lib/x86_64",
					"$(PROJECT_DIR)/src/libz/lib/x86_64",
					"$(PROJECT_DIR)/src/libpng/lib/arm64",
				);
				MACOSX_DEPLOYMENT_TARGET = 26.0;
				PRODUCT_NAME = "$(TARGET_NAME)";
				SDKROOT = macosx;
			};
			name = Debug;
		};
		13EBE2F92B22249100302F26 /* Release configuration for PBXNativeTarget "note" */ = {
			isa = XCBuildConfiguration;
			buildSettings = {
				CLANG_CXX_LANGUAGE_STANDARD = "gnu++23";
				"CODE_SIGN_IDENTITY[sdk=macosx*]" = "-";
				CODE_SIGN_STYLE = Automatic;
				DEAD_CODE_STRIPPING = YES;
				ENABLE_USER_SCRIPT_SANDBOXING = NO;
				GCC_C_LANGUAGE_STANDARD = gnu23;
				LIBRARY_SEARCH_PATHS = (
					"$(inherited)",
					/opt/homebrew/lib,
					"$(PROJECT_DIR)/src",
					"$(PROJECT_DIR)/src/libz/lib/arm64",
					"$(PROJECT_DIR)/src/libpng/lib/x86_64",
					"$(PROJECT_DIR)/src/libz/lib/x86_64",
					"$(PROJECT_DIR)/src/libpng/lib/arm64",
				);
				MACOSX_DEPLOYMENT_TARGET = 26.0;
				PRODUCT_NAME = "$(TARGET_NAME)";
				SDKROOT = macosx;
			};
			name = Release;
		};
/* End XCBuildConfiguration section */

/* Begin XCConfigurationList section */
		137FB2802A03B06500AEFDF2 /* Build configuration list for PBXProject "note" */ = {
			isa = XCConfigurationList;
			buildConfigurations = (
				137FB28A2A03B06500AEFDF2 /* Debug configuration for PBXProject "note" */,
				137FB28B2A03B06500AEFDF2 /* Release configuration for PBXProject "note" */,
			);
			defaultConfigurationName = Release;
		};
		13EBE2F72B22249100302F26 /* Build configuration list for PBXNativeTarget "note" */ = {
			isa = XCConfigurationList;
			buildConfigurations = (
				13EBE2F82B22249100302F26 /* Debug configuration for PBXNativeTarget "note" */,
				13EBE2F92B22249100302F26 /* Release configuration for PBXNativeTarget "note" */,
			);
			defaultConfigurationName = Release;
		};
/* End XCConfigurationList section */
	};
	rootObject = 137FB27D2A03B06500AEFDF2 /* Project object */;
}
