// !$*UTF8*$!
{
	archiveVersion = 1;
	classes = {
	};
	objectVersion = 70;
	objects = {

/* Begin PBXBuildFile section */
		130342CA2A7AD8E800142B74 /* auto.cpp in Sources */ = {isa = PBXBuildFile; fileRef = 130342C82A7AD8E800142B74 /* auto.cpp */; };
		1308E8F62AC48F20001EEC82 /* singleton.cpp in Sources */ = {isa = PBXBuildFile; fileRef = 1308E8F42AC48F20001EEC82 /* singleton.cpp */; };
		134778C22DDD22A4009EB2C8 /* hpprgm.cpp in Sources */ = {isa = PBXBuildFile; fileRef = 134778C12DDD22A4009EB2C8 /* hpprgm.cpp */; };
		134779A52DE5F117009EB2C8 /* utf.cpp in Sources */ = {isa = PBXBuildFile; fileRef = 134779A42DE5F117009EB2C8 /* utf.cpp */; };
		1351CC532BF530CE0073FEDF /* calc.cpp in Sources */ = {isa = PBXBuildFile; fileRef = 1351CC512BF530CE0073FEDF /* calc.cpp */; };
		136E64542D35B0980054E0CC /* regexp.cpp in Sources */ = {isa = PBXBuildFile; fileRef = 136E64532D35B0980054E0CC /* regexp.cpp */; };
		136E645B2D3964A90054E0CC /* dictionary.cpp in Sources */ = {isa = PBXBuildFile; fileRef = 136E645A2D3964A90054E0CC /* dictionary.cpp */; };
		137FB2892A03B06500AEFDF2 /* main.cpp in Sources */ = {isa = PBXBuildFile; fileRef = 137FB2882A03B06500AEFDF2 /* main.cpp */; };
		13C21F9A2A7829C80067CE22 /* preprocessor.cpp in Sources */ = {isa = PBXBuildFile; fileRef = 13C21F982A7829C80067CE22 /* preprocessor.cpp */; };
		13C21F9D2A783D8D0067CE22 /* common.cpp in Sources */ = {isa = PBXBuildFile; fileRef = 13C21F9B2A783D8D0067CE22 /* common.cpp */; };
		13C21FB42A7892540067CE22 /* alias.cpp in Sources */ = {isa = PBXBuildFile; fileRef = 13C21FB22A7892540067CE22 /* alias.cpp */; };
		13CD08252D60D9880005D2EA /* code_stack.cpp in Sources */ = {isa = PBXBuildFile; fileRef = 13CD08242D60D9880005D2EA /* code_stack.cpp */; };
		13EE0F2B2DF888AC004F3D7E /* base.cpp in Sources */ = {isa = PBXBuildFile; fileRef = 13EE0F2A2DF888AC004F3D7E /* base.cpp */; };
		13F1D8832AB6185400EF623A /* aliases.cpp in Sources */ = {isa = PBXBuildFile; fileRef = 13F1D8812AB6185400EF623A /* aliases.cpp */; };
/* End PBXBuildFile section */

/* Begin PBXCopyFilesBuildPhase section */
		137FB2832A03B06500AEFDF2 /* CopyFiles */ = {
			isa = PBXCopyFilesBuildPhase;
			buildActionMask = 2147483647;
			dstPath = /usr/share/man/man1/;
			dstSubfolderSpec = 0;
			files = (
			);
			runOnlyForDeploymentPostprocessing = 1;
		};
/* End PBXCopyFilesBuildPhase section */

/* Begin PBXFileReference section */
		130342C82A7AD8E800142B74 /* auto.cpp */ = {isa = PBXFileReference; fileEncoding = 4; lastKnownFileType = sourcecode.cpp.cpp; path = auto.cpp; sourceTree = "<group>"; };
		130342C92A7AD8E800142B74 /* auto.hpp */ = {isa = PBXFileReference; fileEncoding = 4; lastKnownFileType = sourcecode.cpp.h; path = auto.hpp; sourceTree = "<group>"; };
		1308E8F42AC48F20001EEC82 /* singleton.cpp */ = {isa = PBXFileReference; lastKnownFileType = sourcecode.cpp.cpp; path = singleton.cpp; sourceTree = "<group>"; };
		1308E8F52AC48F20001EEC82 /* singleton.hpp */ = {isa = PBXFileReference; lastKnownFileType = sourcecode.cpp.h; path = singleton.hpp; sourceTree = "<group>"; };
		13166E852BA12E5E00D1E6F0 /* examples */ = {isa = PBXFileReference; lastKnownFileType = folder; path = examples; sourceTree = "<group>"; };
		134778C02DDD22A4009EB2C8 /* hpprgm.hpp */ = {isa = PBXFileReference; lastKnownFileType = sourcecode.cpp.h; path = hpprgm.hpp; sourceTree = "<group>"; };
		134778C12DDD22A4009EB2C8 /* hpprgm.cpp */ = {isa = PBXFileReference; lastKnownFileType = sourcecode.cpp.cpp; path = hpprgm.cpp; sourceTree = "<group>"; };
		134779A32DE5F117009EB2C8 /* utf.hpp */ = {isa = PBXFileReference; lastKnownFileType = sourcecode.cpp.h; path = utf.hpp; sourceTree = "<group>"; };
		134779A42DE5F117009EB2C8 /* utf.cpp */ = {isa = PBXFileReference; lastKnownFileType = sourcecode.cpp.cpp; path = utf.cpp; sourceTree = "<group>"; };
		1351CC512BF530CE0073FEDF /* calc.cpp */ = {isa = PBXFileReference; lastKnownFileType = sourcecode.cpp.cpp; path = calc.cpp; sourceTree = "<group>"; };
		1351CC522BF530CE0073FEDF /* calc.hpp */ = {isa = PBXFileReference; lastKnownFileType = sourcecode.cpp.h; path = calc.hpp; sourceTree = "<group>"; };
		1351CC552BFC0E180073FEDF /* README.md */ = {isa = PBXFileReference; lastKnownFileType = net.daringfireball.markdown; path = README.md; sourceTree = "<group>"; };
		136E64472D2877660054E0CC /* version.txt */ = {isa = PBXFileReference; lastKnownFileType = text; path = version.txt; sourceTree = "<group>"; };
		136E64522D35B0980054E0CC /* regexp.hpp */ = {isa = PBXFileReference; lastKnownFileType = sourcecode.cpp.h; path = regexp.hpp; sourceTree = "<group>"; };
		136E64532D35B0980054E0CC /* regexp.cpp */ = {isa = PBXFileReference; lastKnownFileType = sourcecode.cpp.cpp; path = regexp.cpp; sourceTree = "<group>"; };
		136E64592D3964A90054E0CC /* dictionary.hpp */ = {isa = PBXFileReference; lastKnownFileType = sourcecode.cpp.h; path = dictionary.hpp; sourceTree = "<group>"; };
		136E645A2D3964A90054E0CC /* dictionary.cpp */ = {isa = PBXFileReference; lastKnownFileType = sourcecode.cpp.cpp; path = dictionary.cpp; sourceTree = "<group>"; };
		137FB2852A03B06500AEFDF2 /* ppl+ */ = {isa = PBXFileReference; explicitFileType = "compiled.mach-o.executable"; includeInIndex = 0; path = "ppl+"; sourceTree = BUILT_PRODUCTS_DIR; };
		137FB2882A03B06500AEFDF2 /* main.cpp */ = {isa = PBXFileReference; lastKnownFileType = sourcecode.cpp.cpp; path = main.cpp; sourceTree = "<group>"; };
		137FB2942A046E8E00AEFDF2 /* ppl+.entitlements */ = {isa = PBXFileReference; lastKnownFileType = text.plist.entitlements; path = "ppl+.entitlements"; sourceTree = "<group>"; };
		1389CFEA2CA73BA6008FDBEB /* timer.hpp */ = {isa = PBXFileReference; lastKnownFileType = sourcecode.cpp.h; path = timer.hpp; sourceTree = "<group>"; };
		138F54D22C976F10009357F9 /* LICENSE.md */ = {isa = PBXFileReference; lastKnownFileType = net.daringfireball.markdown; path = LICENSE.md; sourceTree = "<group>"; };
		13C21F982A7829C80067CE22 /* preprocessor.cpp */ = {isa = PBXFileReference; lastKnownFileType = sourcecode.cpp.cpp; path = preprocessor.cpp; sourceTree = "<group>"; };
		13C21F992A7829C80067CE22 /* preprocessor.hpp */ = {isa = PBXFileReference; lastKnownFileType = sourcecode.cpp.h; path = preprocessor.hpp; sourceTree = "<group>"; };
		13C21F9B2A783D8D0067CE22 /* common.cpp */ = {isa = PBXFileReference; lastKnownFileType = sourcecode.cpp.cpp; path = common.cpp; sourceTree = "<group>"; };
		13C21F9C2A783D8D0067CE22 /* common.hpp */ = {isa = PBXFileReference; lastKnownFileType = sourcecode.cpp.h; path = common.hpp; sourceTree = "<group>"; };
		13C21FB22A7892540067CE22 /* alias.cpp */ = {isa = PBXFileReference; lastKnownFileType = sourcecode.cpp.cpp; path = alias.cpp; sourceTree = "<group>"; };
		13C21FB32A7892540067CE22 /* alias.hpp */ = {isa = PBXFileReference; lastKnownFileType = sourcecode.cpp.h; path = alias.hpp; sourceTree = "<group>"; };
		13CD08232D60D9880005D2EA /* code_stack.hpp */ = {isa = PBXFileReference; lastKnownFileType = sourcecode.cpp.h; path = code_stack.hpp; sourceTree = "<group>"; };
		13CD08242D60D9880005D2EA /* code_stack.cpp */ = {isa = PBXFileReference; lastKnownFileType = sourcecode.cpp.cpp; path = code_stack.cpp; sourceTree = "<group>"; };
		13EE0F292DF888AC004F3D7E /* base.hpp */ = {isa = PBXFileReference; lastKnownFileType = sourcecode.cpp.h; path = base.hpp; sourceTree = "<group>"; };
		13EE0F2A2DF888AC004F3D7E /* base.cpp */ = {isa = PBXFileReference; lastKnownFileType = sourcecode.cpp.cpp; path = base.cpp; sourceTree = "<group>"; };
		13F1D8812AB6185400EF623A /* aliases.cpp */ = {isa = PBXFileReference; lastKnownFileType = sourcecode.cpp.cpp; path = aliases.cpp; sourceTree = "<group>"; };
		13F1D8822AB6185400EF623A /* aliases.hpp */ = {isa = PBXFileReference; lastKnownFileType = sourcecode.cpp.h; path = aliases.hpp; sourceTree = "<group>"; };
/* End PBXFileReference section */

/* Begin PBXFileSystemSynchronizedRootGroup section */
		137DC0132E08522800657C42 /* include */ = {isa = PBXFileSystemSynchronizedRootGroup; explicitFileTypes = {}; explicitFolders = (); name = include; path = /Users/richie/GitHub/PrimeSDK/Xprime/Developer/usr/include; sourceTree = "<absolute>"; };
		137DC01B2E08524000657C42 /* lib */ = {isa = PBXFileSystemSynchronizedRootGroup; explicitFileTypes = {}; explicitFolders = (); name = lib; path = /Users/richie/GitHub/PrimeSDK/Xprime/Developer/usr/lib; sourceTree = "<absolute>"; };
		137DC0262E08524B00657C42 /* prgm */ = {isa = PBXFileSystemSynchronizedRootGroup; explicitFileTypes = {}; explicitFolders = (); name = prgm; path = /Users/richie/GitHub/PrimeSDK/Xprime/Developer/usr/prgm; sourceTree = "<absolute>"; };
/* End PBXFileSystemSynchronizedRootGroup section */

/* Begin PBXFrameworksBuildPhase section */
		137FB2822A03B06500AEFDF2 /* Frameworks */ = {
			isa = PBXFrameworksBuildPhase;
			buildActionMask = 2147483647;
			files = (
			);
			runOnlyForDeploymentPostprocessing = 0;
		};
/* End PBXFrameworksBuildPhase section */

/* Begin PBXGroup section */
		137FB27C2A03B06500AEFDF2 = {
			isa = PBXGroup;
			children = (
				138F54D22C976F10009357F9 /* LICENSE.md */,
				1351CC552BFC0E180073FEDF /* README.md */,
				136E64472D2877660054E0CC /* version.txt */,
				137FB2942A046E8E00AEFDF2 /* ppl+.entitlements */,
				137DC0262E08524B00657C42 /* prgm */,
				137DC01B2E08524000657C42 /* lib */,
				137DC0132E08522800657C42 /* include */,
				13166E852BA12E5E00D1E6F0 /* examples */,
				137FB2872A03B06500AEFDF2 /* src */,
				137FB2862A03B06500AEFDF2 /* Products */,
			);
			sourceTree = "<group>";
		};
		137FB2862A03B06500AEFDF2 /* Products */ = {
			isa = PBXGroup;
			children = (
				137FB2852A03B06500AEFDF2 /* ppl+ */,
			);
			name = Products;
			sourceTree = "<group>";
		};
		137FB2872A03B06500AEFDF2 /* src */ = {
			isa = PBXGroup;
			children = (
				137FB2882A03B06500AEFDF2 /* main.cpp */,
				13C21F9E2A783E820067CE22 /* Classes */,
				13C21F9C2A783D8D0067CE22 /* common.hpp */,
				13C21F9B2A783D8D0067CE22 /* common.cpp */,
				134778C02DDD22A4009EB2C8 /* hpprgm.hpp */,
				134778C12DDD22A4009EB2C8 /* hpprgm.cpp */,
				134779A32DE5F117009EB2C8 /* utf.hpp */,
				134779A42DE5F117009EB2C8 /* utf.cpp */,
				1308E8F52AC48F20001EEC82 /* singleton.hpp */,
				1308E8F42AC48F20001EEC82 /* singleton.cpp */,
				1389CFEA2CA73BA6008FDBEB /* timer.hpp */,
			);
			path = src;
			sourceTree = "<group>";
		};
		13C21F9E2A783E820067CE22 /* Classes */ = {
			isa = PBXGroup;
			children = (
				13C21F9F2A783EA20067CE22 /* include */,
				1351CC512BF530CE0073FEDF /* calc.cpp */,
				130342C82A7AD8E800142B74 /* auto.cpp */,
				13C21F982A7829C80067CE22 /* preprocessor.cpp */,
				13C21FB22A7892540067CE22 /* alias.cpp */,
				13F1D8812AB6185400EF623A /* aliases.cpp */,
				136E64532D35B0980054E0CC /* regexp.cpp */,
				136E645A2D3964A90054E0CC /* dictionary.cpp */,
				13CD08242D60D9880005D2EA /* code_stack.cpp */,
				13EE0F292DF888AC004F3D7E /* base.hpp */,
				13EE0F2A2DF888AC004F3D7E /* base.cpp */,
			);
			name = Classes;
			sourceTree = "<group>";
		};
		13C21F9F2A783EA20067CE22 /* include */ = {
			isa = PBXGroup;
			children = (
				1351CC522BF530CE0073FEDF /* calc.hpp */,
				130342C92A7AD8E800142B74 /* auto.hpp */,
				13C21F992A7829C80067CE22 /* preprocessor.hpp */,
				13C21FB32A7892540067CE22 /* alias.hpp */,
				13F1D8822AB6185400EF623A /* aliases.hpp */,
				136E64522D35B0980054E0CC /* regexp.hpp */,
				136E64592D3964A90054E0CC /* dictionary.hpp */,
				13CD08232D60D9880005D2EA /* code_stack.hpp */,
			);
			name = include;
			sourceTree = "<group>";
		};
/* End PBXGroup section */

/* Begin PBXNativeTarget section */
		137FB2842A03B06500AEFDF2 /* ppl+ */ = {
			isa = PBXNativeTarget;
			buildConfigurationList = 137FB28C2A03B06500AEFDF2 /* Build configuration list for PBXNativeTarget "ppl+" */;
			buildPhases = (
				137FB2812A03B06500AEFDF2 /* Sources */,
				137FB2822A03B06500AEFDF2 /* Frameworks */,
				137FB2832A03B06500AEFDF2 /* CopyFiles */,
			);
			buildRules = (
			);
			dependencies = (
			);
			name = "ppl+";
			productName = "ppl+";
			productReference = 137FB2852A03B06500AEFDF2 /* ppl+ */;
			productType = "com.apple.product-type.tool";
		};
/* End PBXNativeTarget section */

/* Begin PBXProject section */
		137FB27D2A03B06500AEFDF2 /* Project object */ = {
			isa = PBXProject;
			attributes = {
				BuildIndependentTargetsInParallel = 1;
				LastUpgradeCheck = 1630;
				TargetAttributes = {
					137FB2842A03B06500AEFDF2 = {
						CreatedOnToolsVersion = 14.3;
					};
				};
			};
			buildConfigurationList = 137FB2802A03B06500AEFDF2 /* Build configuration list for PBXProject "ppl+" */;
			compatibilityVersion = "Xcode 14.0";
			developmentRegion = en;
			hasScannedForEncodings = 0;
			knownRegions = (
				en,
				Base,
			);
			mainGroup = 137FB27C2A03B06500AEFDF2;
			productRefGroup = 137FB2862A03B06500AEFDF2 /* Products */;
			projectDirPath = "";
			projectRoot = "";
			targets = (
				137FB2842A03B06500AEFDF2 /* ppl+ */,
			);
		};
/* End PBXProject section */

/* Begin PBXSourcesBuildPhase section */
		137FB2812A03B06500AEFDF2 /* Sources */ = {
			isa = PBXSourcesBuildPhase;
			buildActionMask = 2147483647;
			files = (
				13C21F9A2A7829C80067CE22 /* preprocessor.cpp in Sources */,
				136E645B2D3964A90054E0CC /* dictionary.cpp in Sources */,
				13EE0F2B2DF888AC004F3D7E /* base.cpp in Sources */,
				134779A52DE5F117009EB2C8 /* utf.cpp in Sources */,
				137FB2892A03B06500AEFDF2 /* main.cpp in Sources */,
				13C21F9D2A783D8D0067CE22 /* common.cpp in Sources */,
				13CD08252D60D9880005D2EA /* code_stack.cpp in Sources */,
				136E64542D35B0980054E0CC /* regexp.cpp in Sources */,
				13C21FB42A7892540067CE22 /* alias.cpp in Sources */,
				1351CC532BF530CE0073FEDF /* calc.cpp in Sources */,
				130342CA2A7AD8E800142B74 /* auto.cpp in Sources */,
				13F1D8832AB6185400EF623A /* aliases.cpp in Sources */,
				1308E8F62AC48F20001EEC82 /* singleton.cpp in Sources */,
				134778C22DDD22A4009EB2C8 /* hpprgm.cpp in Sources */,
			);
			runOnlyForDeploymentPostprocessing = 0;
		};
/* End PBXSourcesBuildPhase section */

/* Begin XCBuildConfiguration section */
		137FB28A2A03B06500AEFDF2 /* Debug */ = {
			isa = XCBuildConfiguration;
			buildSettings = {
				ALWAYS_SEARCH_USER_PATHS = NO;
				CLANG_ANALYZER_NONNULL = YES;
				CLANG_ANALYZER_NUMBER_OBJECT_CONVERSION = YES_AGGRESSIVE;
				CLANG_CXX_LANGUAGE_STANDARD = "gnu++20";
				CLANG_ENABLE_MODULES = YES;
				CLANG_ENABLE_OBJC_ARC = YES;
				CLANG_ENABLE_OBJC_WEAK = YES;
				CLANG_WARN_BLOCK_CAPTURE_AUTORELEASING = YES;
				CLANG_WARN_BOOL_CONVERSION = YES;
				CLANG_WARN_COMMA = YES;
				CLANG_WARN_CONSTANT_CONVERSION = YES;
				CLANG_WARN_DEPRECATED_OBJC_IMPLEMENTATIONS = YES;
				CLANG_WARN_DIRECT_OBJC_ISA_USAGE = YES_ERROR;
				CLANG_WARN_DOCUMENTATION_COMMENTS = YES;
				CLANG_WARN_EMPTY_BODY = YES;
				CLANG_WARN_ENUM_CONVERSION = YES;
				CLANG_WARN_INFINITE_RECURSION = YES;
				CLANG_WARN_INT_CONVERSION = YES;
				CLANG_WARN_NON_LITERAL_NULL_CONVERSION = YES;
				CLANG_WARN_OBJC_IMPLICIT_RETAIN_SELF = YES;
				CLANG_WARN_OBJC_LITERAL_CONVERSION = YES;
				CLANG_WARN_OBJC_ROOT_CLASS = YES_ERROR;
				CLANG_WARN_QUOTED_INCLUDE_IN_FRAMEWORK_HEADER = YES;
				CLANG_WARN_RANGE_LOOP_ANALYSIS = YES;
				CLANG_WARN_STRICT_PROTOTYPES = YES;
				CLANG_WARN_SUSPICIOUS_MOVE = YES;
				CLANG_WARN_UNGUARDED_AVAILABILITY = YES_AGGRESSIVE;
				CLANG_WARN_UNREACHABLE_CODE = YES;
				CLANG_WARN__DUPLICATE_METHOD_MATCH = YES;
				COPY_PHASE_STRIP = NO;
				DEAD_CODE_STRIPPING = YES;
				DEBUG_INFORMATION_FORMAT = dwarf;
				ENABLE_STRICT_OBJC_MSGSEND = YES;
				ENABLE_TESTABILITY = YES;
				ENABLE_USER_SCRIPT_SANDBOXING = YES;
				GCC_C_LANGUAGE_STANDARD = gnu11;
				GCC_DYNAMIC_NO_PIC = NO;
				GCC_NO_COMMON_BLOCKS = YES;
				GCC_OPTIMIZATION_LEVEL = 0;
				GCC_PREPROCESSOR_DEFINITIONS = (
					"DEBUG=1",
					"$(inherited)",
				);
				GCC_WARN_64_TO_32_BIT_CONVERSION = YES;
				GCC_WARN_ABOUT_RETURN_TYPE = YES_ERROR;
				GCC_WARN_UNDECLARED_SELECTOR = YES;
				GCC_WARN_UNINITIALIZED_AUTOS = YES_AGGRESSIVE;
				GCC_WARN_UNUSED_FUNCTION = YES;
				GCC_WARN_UNUSED_VARIABLE = YES;
				MACOSX_DEPLOYMENT_TARGET = 13.2;
				MTL_ENABLE_DEBUG_INFO = INCLUDE_SOURCE;
				MTL_FAST_MATH = YES;
				ONLY_ACTIVE_ARCH = YES;
				SDKROOT = macosx;
			};
			name = Debug;
		};
		137FB28B2A03B06500AEFDF2 /* Release */ = {
			isa = XCBuildConfiguration;
			buildSettings = {
				ALWAYS_SEARCH_USER_PATHS = NO;
				CLANG_ANALYZER_NONNULL = YES;
				CLANG_ANALYZER_NUMBER_OBJECT_CONVERSION = YES_AGGRESSIVE;
				CLANG_CXX_LANGUAGE_STANDARD = "gnu++20";
				CLANG_ENABLE_MODULES = YES;
				CLANG_ENABLE_OBJC_ARC = YES;
				CLANG_ENABLE_OBJC_WEAK = YES;
				CLANG_WARN_BLOCK_CAPTURE_AUTORELEASING = YES;
				CLANG_WARN_BOOL_CONVERSION = YES;
				CLANG_WARN_COMMA = YES;
				CLANG_WARN_CONSTANT_CONVERSION = YES;
				CLANG_WARN_DEPRECATED_OBJC_IMPLEMENTATIONS = YES;
				CLANG_WARN_DIRECT_OBJC_ISA_USAGE = YES_ERROR;
				CLANG_WARN_DOCUMENTATION_COMMENTS = YES;
				CLANG_WARN_EMPTY_BODY = YES;
				CLANG_WARN_ENUM_CONVERSION = YES;
				CLANG_WARN_INFINITE_RECURSION = YES;
				CLANG_WARN_INT_CONVERSION = YES;
				CLANG_WARN_NON_LITERAL_NULL_CONVERSION = YES;
				CLANG_WARN_OBJC_IMPLICIT_RETAIN_SELF = YES;
				CLANG_WARN_OBJC_LITERAL_CONVERSION = YES;
				CLANG_WARN_OBJC_ROOT_CLASS = YES_ERROR;
				CLANG_WARN_QUOTED_INCLUDE_IN_FRAMEWORK_HEADER = YES;
				CLANG_WARN_RANGE_LOOP_ANALYSIS = YES;
				CLANG_WARN_STRICT_PROTOTYPES = YES;
				CLANG_WARN_SUSPICIOUS_MOVE = YES;
				CLANG_WARN_UNGUARDED_AVAILABILITY = YES_AGGRESSIVE;
				CLANG_WARN_UNREACHABLE_CODE = YES;
				CLANG_WARN__DUPLICATE_METHOD_MATCH = YES;
				COPY_PHASE_STRIP = NO;
				DEAD_CODE_STRIPPING = YES;
				DEBUG_INFORMATION_FORMAT = "dwarf-with-dsym";
				ENABLE_NS_ASSERTIONS = NO;
				ENABLE_STRICT_OBJC_MSGSEND = YES;
				ENABLE_USER_SCRIPT_SANDBOXING = YES;
				GCC_C_LANGUAGE_STANDARD = gnu11;
				GCC_NO_COMMON_BLOCKS = YES;
				GCC_WARN_64_TO_32_BIT_CONVERSION = YES;
				GCC_WARN_ABOUT_RETURN_TYPE = YES_ERROR;
				GCC_WARN_UNDECLARED_SELECTOR = YES;
				GCC_WARN_UNINITIALIZED_AUTOS = YES_AGGRESSIVE;
				GCC_WARN_UNUSED_FUNCTION = YES;
				GCC_WARN_UNUSED_VARIABLE = YES;
				MACOSX_DEPLOYMENT_TARGET = 13.2;
				MTL_ENABLE_DEBUG_INFO = NO;
				MTL_FAST_MATH = YES;
				SDKROOT = macosx;
			};
			name = Release;
		};
		137FB28D2A03B06500AEFDF2 /* Debug */ = {
			isa = XCBuildConfiguration;
			buildSettings = {
				CLANG_CXX_LANGUAGE_STANDARD = "gnu++20";
				CODE_SIGN_ENTITLEMENTS = "ppl+.entitlements";
				"CODE_SIGN_IDENTITY[sdk=macosx*]" = "-";
				CODE_SIGN_STYLE = Automatic;
				DEAD_CODE_STRIPPING = YES;
				DEVELOPMENT_TEAM = "";
				ENABLE_HARDENED_RUNTIME = NO;
				ENABLE_USER_SCRIPT_SANDBOXING = NO;
				ENABLE_USER_SELECTED_FILES = "";
				PRODUCT_NAME = "$(TARGET_NAME)";
			};
			name = Debug;
		};
		137FB28E2A03B06500AEFDF2 /* Release */ = {
			isa = XCBuildConfiguration;
			buildSettings = {
				CLANG_CXX_LANGUAGE_STANDARD = "gnu++20";
				CODE_SIGN_ENTITLEMENTS = "ppl+.entitlements";
				CODE_SIGN_IDENTITY = "Apple Development";
				"CODE_SIGN_IDENTITY[sdk=macosx*]" = "-";
				CODE_SIGN_STYLE = Automatic;
				DEAD_CODE_STRIPPING = YES;
				DEVELOPMENT_TEAM = "";
				ENABLE_HARDENED_RUNTIME = NO;
				ENABLE_USER_SCRIPT_SANDBOXING = NO;
				ENABLE_USER_SELECTED_FILES = "";
				PRODUCT_NAME = "$(TARGET_NAME)";
				PROVISIONING_PROFILE_SPECIFIER = "";
			};
			name = Release;
		};
/* End XCBuildConfiguration section */

/* Begin XCConfigurationList section */
		137FB2802A03B06500AEFDF2 /* Build configuration list for PBXProject "ppl+" */ = {
			isa = XCConfigurationList;
			buildConfigurations = (
				137FB28A2A03B06500AEFDF2 /* Debug */,
				137FB28B2A03B06500AEFDF2 /* Release */,
			);
			defaultConfigurationIsVisible = 0;
			defaultConfigurationName = Release;
		};
		137FB28C2A03B06500AEFDF2 /* Build configuration list for PBXNativeTarget "ppl+" */ = {
			isa = XCConfigurationList;
			buildConfigurations = (
				137FB28D2A03B06500AEFDF2 /* Debug */,
				137FB28E2A03B06500AEFDF2 /* Release */,
			);
			defaultConfigurationIsVisible = 0;
			defaultConfigurationName = Release;
		};
/* End XCConfigurationList section */
	};
	rootObject = 137FB27D2A03B06500AEFDF2 /* Project object */;
}
