// !$*UTF8*$!
{
	archiveVersion = 1;
	classes = {
	};
	objectVersion = 56;
	objects = {

/* Begin PBXBuildFile section */
		130342CA2A7AD8E800142B74 /* Auto.cpp in Sources */ = {isa = PBXBuildFile; fileRef = 130342C82A7AD8E800142B74 /* Auto.cpp */; };
		1308E8F62AC48F20001EEC82 /* Singleton.cpp in Sources */ = {isa = PBXBuildFile; fileRef = 1308E8F42AC48F20001EEC82 /* Singleton.cpp */; };
		1308E8F92AC6FCC5001EEC82 /* Comments.cpp in Sources */ = {isa = PBXBuildFile; fileRef = 1308E8F72AC6FCC5001EEC82 /* Comments.cpp */; };
		1314A8B92B2A099300566D5F /* Structs.cpp in Sources */ = {isa = PBXBuildFile; fileRef = 1314A8B82B2A099200566D5F /* Structs.cpp */; };
		1351CC532BF530CE0073FEDF /* Calc.cpp in Sources */ = {isa = PBXBuildFile; fileRef = 1351CC512BF530CE0073FEDF /* Calc.cpp */; };
		1351CC542BF9514F0073FEDF /* Messages.cpp in Sources */ = {isa = PBXBuildFile; fileRef = 13DC384F2B9CDC7300A18451 /* Messages.cpp */; };
		137FB2892A03B06500AEFDF2 /* main.cpp in Sources */ = {isa = PBXBuildFile; fileRef = 137FB2882A03B06500AEFDF2 /* main.cpp */; };
		1384DE7D2B6D70DE0090E24D /* Switch.cpp in Sources */ = {isa = PBXBuildFile; fileRef = 1384DE7B2B6D70DE0090E24D /* Switch.cpp */; };
		139634CA2B9A1A85005B80F0 /* IFTE.cpp in Sources */ = {isa = PBXBuildFile; fileRef = 139634C82B9A1A85005B80F0 /* IFTE.cpp */; };
		139634CD2B9A2DEA005B80F0 /* Bitwise.cpp in Sources */ = {isa = PBXBuildFile; fileRef = 139634CB2B9A2DEA005B80F0 /* Bitwise.cpp */; };
		13B13C312B66C2F000F9BCBB /* Strings.cpp in Sources */ = {isa = PBXBuildFile; fileRef = 13B13C2F2B66C2F000F9BCBB /* Strings.cpp */; };
		13C21F9A2A7829C80067CE22 /* Preprocessor.cpp in Sources */ = {isa = PBXBuildFile; fileRef = 13C21F982A7829C80067CE22 /* Preprocessor.cpp */; };
		13C21F9D2A783D8D0067CE22 /* common.cpp in Sources */ = {isa = PBXBuildFile; fileRef = 13C21F9B2A783D8D0067CE22 /* common.cpp */; };
		13C21FB42A7892540067CE22 /* Alias.cpp in Sources */ = {isa = PBXBuildFile; fileRef = 13C21FB22A7892540067CE22 /* Alias.cpp */; };
		13EBE2EA2B2124E200302F26 /* Enums.cpp in Sources */ = {isa = PBXBuildFile; fileRef = 13EBE2E92B2124E200302F26 /* Enums.cpp */; };
		13EBE2ED2B2216E500302F26 /* Def.cpp in Sources */ = {isa = PBXBuildFile; fileRef = 13EBE2EC2B2216E500302F26 /* Def.cpp */; };
		13F1D8832AB6185400EF623A /* Aliases.cpp in Sources */ = {isa = PBXBuildFile; fileRef = 13F1D8812AB6185400EF623A /* Aliases.cpp */; };
/* End PBXBuildFile section */

/* Begin PBXCopyFilesBuildPhase section */
		137FB2832A03B06500AEFDF2 /* CopyFiles */ = {
			isa = PBXCopyFilesBuildPhase;
			buildActionMask = 2147483647;
			dstPath = /usr/share/man/man1/;
			dstSubfolderSpec = 0;
			files = (
			);
			runOnlyForDeploymentPostprocessing = 1;
		};
/* End PBXCopyFilesBuildPhase section */

/* Begin PBXFileReference section */
		130342C82A7AD8E800142B74 /* Auto.cpp */ = {isa = PBXFileReference; fileEncoding = 4; lastKnownFileType = sourcecode.cpp.cpp; path = Auto.cpp; sourceTree = "<group>"; };
		130342C92A7AD8E800142B74 /* Auto.hpp */ = {isa = PBXFileReference; fileEncoding = 4; lastKnownFileType = sourcecode.cpp.h; path = Auto.hpp; sourceTree = "<group>"; };
		130342CC2A7DDBB900142B74 /* build.txt */ = {isa = PBXFileReference; lastKnownFileType = text; path = build.txt; sourceTree = "<group>"; };
		1308E8F42AC48F20001EEC82 /* Singleton.cpp */ = {isa = PBXFileReference; lastKnownFileType = sourcecode.cpp.cpp; path = Singleton.cpp; sourceTree = "<group>"; };
		1308E8F52AC48F20001EEC82 /* Singleton.hpp */ = {isa = PBXFileReference; lastKnownFileType = sourcecode.cpp.h; path = Singleton.hpp; sourceTree = "<group>"; };
		1308E8F72AC6FCC5001EEC82 /* Comments.cpp */ = {isa = PBXFileReference; lastKnownFileType = sourcecode.cpp.cpp; path = Comments.cpp; sourceTree = "<group>"; };
		1308E8F82AC6FCC5001EEC82 /* Comments.hpp */ = {isa = PBXFileReference; lastKnownFileType = sourcecode.cpp.h; path = Comments.hpp; sourceTree = "<group>"; };
		1314A8B82B2A099200566D5F /* Structs.cpp */ = {isa = PBXFileReference; fileEncoding = 4; lastKnownFileType = sourcecode.cpp.cpp; path = Structs.cpp; sourceTree = "<group>"; };
		1314A8BA2B2A09AA00566D5F /* Structs.hpp */ = {isa = PBXFileReference; lastKnownFileType = sourcecode.cpp.h; path = Structs.hpp; sourceTree = "<group>"; };
		13166E822BA12DE100D1E6F0 /* pplib */ = {isa = PBXFileReference; lastKnownFileType = folder; path = pplib; sourceTree = "<group>"; };
		13166E842BA12E1D00D1E6F0 /* hpprgm */ = {isa = PBXFileReference; lastKnownFileType = folder; path = hpprgm; sourceTree = "<group>"; };
		13166E852BA12E5E00D1E6F0 /* example */ = {isa = PBXFileReference; lastKnownFileType = folder; path = example; sourceTree = "<group>"; };
		1351CC512BF530CE0073FEDF /* Calc.cpp */ = {isa = PBXFileReference; lastKnownFileType = sourcecode.cpp.cpp; path = Calc.cpp; sourceTree = "<group>"; };
		1351CC522BF530CE0073FEDF /* Calc.hpp */ = {isa = PBXFileReference; lastKnownFileType = sourcecode.cpp.h; path = Calc.hpp; sourceTree = "<group>"; };
		1351CC552BFC0E180073FEDF /* README.md */ = {isa = PBXFileReference; lastKnownFileType = net.daringfireball.markdown; path = README.md; sourceTree = "<group>"; };
		1352EC512B350ECC003130E4 /* build.h */ = {isa = PBXFileReference; lastKnownFileType = sourcecode.c.h; path = build.h; sourceTree = "<group>"; };
		137FB2852A03B06500AEFDF2 /* p+ */ = {isa = PBXFileReference; explicitFileType = "compiled.mach-o.executable"; includeInIndex = 0; path = "p+"; sourceTree = BUILT_PRODUCTS_DIR; };
		137FB2882A03B06500AEFDF2 /* main.cpp */ = {isa = PBXFileReference; lastKnownFileType = sourcecode.cpp.cpp; path = main.cpp; sourceTree = "<group>"; };
		137FB2942A046E8E00AEFDF2 /* p+.entitlements */ = {isa = PBXFileReference; lastKnownFileType = text.plist.entitlements; path = "p+.entitlements"; sourceTree = "<group>"; };
		1384DE7B2B6D70DE0090E24D /* Switch.cpp */ = {isa = PBXFileReference; lastKnownFileType = sourcecode.cpp.cpp; path = Switch.cpp; sourceTree = "<group>"; };
		1384DE7C2B6D70DE0090E24D /* Switch.hpp */ = {isa = PBXFileReference; lastKnownFileType = sourcecode.cpp.h; path = Switch.hpp; sourceTree = "<group>"; };
		139634C82B9A1A85005B80F0 /* IFTE.cpp */ = {isa = PBXFileReference; lastKnownFileType = sourcecode.cpp.cpp; path = IFTE.cpp; sourceTree = "<group>"; };
		139634C92B9A1A85005B80F0 /* IFTE.hpp */ = {isa = PBXFileReference; lastKnownFileType = sourcecode.cpp.h; path = IFTE.hpp; sourceTree = "<group>"; };
		139634CB2B9A2DEA005B80F0 /* Bitwise.cpp */ = {isa = PBXFileReference; lastKnownFileType = sourcecode.cpp.cpp; path = Bitwise.cpp; sourceTree = "<group>"; };
		139634CC2B9A2DEA005B80F0 /* Bitwise.hpp */ = {isa = PBXFileReference; lastKnownFileType = sourcecode.cpp.h; path = Bitwise.hpp; sourceTree = "<group>"; };
		13B13C2F2B66C2F000F9BCBB /* Strings.cpp */ = {isa = PBXFileReference; lastKnownFileType = sourcecode.cpp.cpp; path = Strings.cpp; sourceTree = "<group>"; };
		13B13C302B66C2F000F9BCBB /* Strings.hpp */ = {isa = PBXFileReference; lastKnownFileType = sourcecode.cpp.h; path = Strings.hpp; sourceTree = "<group>"; };
		13C21F982A7829C80067CE22 /* Preprocessor.cpp */ = {isa = PBXFileReference; lastKnownFileType = sourcecode.cpp.cpp; path = Preprocessor.cpp; sourceTree = "<group>"; };
		13C21F992A7829C80067CE22 /* Preprocessor.hpp */ = {isa = PBXFileReference; lastKnownFileType = sourcecode.cpp.h; path = Preprocessor.hpp; sourceTree = "<group>"; };
		13C21F9B2A783D8D0067CE22 /* common.cpp */ = {isa = PBXFileReference; lastKnownFileType = sourcecode.cpp.cpp; path = common.cpp; sourceTree = "<group>"; };
		13C21F9C2A783D8D0067CE22 /* common.hpp */ = {isa = PBXFileReference; lastKnownFileType = sourcecode.cpp.h; path = common.hpp; sourceTree = "<group>"; };
		13C21FB22A7892540067CE22 /* Alias.cpp */ = {isa = PBXFileReference; lastKnownFileType = sourcecode.cpp.cpp; path = Alias.cpp; sourceTree = "<group>"; };
		13C21FB32A7892540067CE22 /* Alias.hpp */ = {isa = PBXFileReference; lastKnownFileType = sourcecode.cpp.h; path = Alias.hpp; sourceTree = "<group>"; };
		13DC384F2B9CDC7300A18451 /* Messages.cpp */ = {isa = PBXFileReference; lastKnownFileType = sourcecode.cpp.cpp; path = Messages.cpp; sourceTree = "<group>"; };
		13DC38502B9CDC7300A18451 /* Messages.hpp */ = {isa = PBXFileReference; lastKnownFileType = sourcecode.cpp.h; path = Messages.hpp; sourceTree = "<group>"; };
		13EBE2E92B2124E200302F26 /* Enums.cpp */ = {isa = PBXFileReference; fileEncoding = 4; lastKnownFileType = sourcecode.cpp.cpp; path = Enums.cpp; sourceTree = "<group>"; };
		13EBE2EB2B21275900302F26 /* Enums.hpp */ = {isa = PBXFileReference; lastKnownFileType = sourcecode.cpp.h; path = Enums.hpp; sourceTree = "<group>"; };
		13EBE2EC2B2216E500302F26 /* Def.cpp */ = {isa = PBXFileReference; fileEncoding = 4; lastKnownFileType = sourcecode.cpp.cpp; path = Def.cpp; sourceTree = "<group>"; };
		13EBE2EE2B2216F300302F26 /* Def.hpp */ = {isa = PBXFileReference; lastKnownFileType = sourcecode.cpp.h; path = Def.hpp; sourceTree = "<group>"; };
		13F1D8812AB6185400EF623A /* Aliases.cpp */ = {isa = PBXFileReference; lastKnownFileType = sourcecode.cpp.cpp; path = Aliases.cpp; sourceTree = "<group>"; };
		13F1D8822AB6185400EF623A /* Aliases.hpp */ = {isa = PBXFileReference; lastKnownFileType = sourcecode.cpp.h; path = Aliases.hpp; sourceTree = "<group>"; };
/* End PBXFileReference section */

/* Begin PBXFrameworksBuildPhase section */
		137FB2822A03B06500AEFDF2 /* Frameworks */ = {
			isa = PBXFrameworksBuildPhase;
			buildActionMask = 2147483647;
			files = (
			);
			runOnlyForDeploymentPostprocessing = 0;
		};
/* End PBXFrameworksBuildPhase section */

/* Begin PBXGroup section */
		137FB27C2A03B06500AEFDF2 = {
			isa = PBXGroup;
			children = (
				1351CC552BFC0E180073FEDF /* README.md */,
				137FB2942A046E8E00AEFDF2 /* p+.entitlements */,
				13166E852BA12E5E00D1E6F0 /* example */,
				13166E842BA12E1D00D1E6F0 /* hpprgm */,
				13166E822BA12DE100D1E6F0 /* pplib */,
				137FB2872A03B06500AEFDF2 /* src */,
				137FB2862A03B06500AEFDF2 /* Products */,
			);
			sourceTree = "<group>";
		};
		137FB2862A03B06500AEFDF2 /* Products */ = {
			isa = PBXGroup;
			children = (
				137FB2852A03B06500AEFDF2 /* p+ */,
			);
			name = Products;
			sourceTree = "<group>";
		};
		137FB2872A03B06500AEFDF2 /* src */ = {
			isa = PBXGroup;
			children = (
				130342CC2A7DDBB900142B74 /* build.txt */,
				1352EC512B350ECC003130E4 /* build.h */,
				137FB2882A03B06500AEFDF2 /* main.cpp */,
				13C21F9E2A783E820067CE22 /* Classes */,
				13C21F9C2A783D8D0067CE22 /* common.hpp */,
				13C21F9B2A783D8D0067CE22 /* common.cpp */,
				1308E8F52AC48F20001EEC82 /* Singleton.hpp */,
				1308E8F42AC48F20001EEC82 /* Singleton.cpp */,
			);
			path = src;
			sourceTree = "<group>";
		};
		13C21F9E2A783E820067CE22 /* Classes */ = {
			isa = PBXGroup;
			children = (
				13C21F9F2A783EA20067CE22 /* include */,
				1351CC512BF530CE0073FEDF /* Calc.cpp */,
				130342C82A7AD8E800142B74 /* Auto.cpp */,
				1314A8B82B2A099200566D5F /* Structs.cpp */,
				13C21F982A7829C80067CE22 /* Preprocessor.cpp */,
				13EBE2EC2B2216E500302F26 /* Def.cpp */,
				13C21FB22A7892540067CE22 /* Alias.cpp */,
				13EBE2E92B2124E200302F26 /* Enums.cpp */,
				13F1D8812AB6185400EF623A /* Aliases.cpp */,
				1308E8F72AC6FCC5001EEC82 /* Comments.cpp */,
				13B13C2F2B66C2F000F9BCBB /* Strings.cpp */,
				1384DE7B2B6D70DE0090E24D /* Switch.cpp */,
				139634C82B9A1A85005B80F0 /* IFTE.cpp */,
				139634CB2B9A2DEA005B80F0 /* Bitwise.cpp */,
				13DC384F2B9CDC7300A18451 /* Messages.cpp */,
			);
			name = Classes;
			sourceTree = "<group>";
		};
		13C21F9F2A783EA20067CE22 /* include */ = {
			isa = PBXGroup;
			children = (
				1351CC522BF530CE0073FEDF /* Calc.hpp */,
				130342C92A7AD8E800142B74 /* Auto.hpp */,
				1314A8BA2B2A09AA00566D5F /* Structs.hpp */,
				13C21F992A7829C80067CE22 /* Preprocessor.hpp */,
				13EBE2EE2B2216F300302F26 /* Def.hpp */,
				13EBE2EB2B21275900302F26 /* Enums.hpp */,
				13C21FB32A7892540067CE22 /* Alias.hpp */,
				13F1D8822AB6185400EF623A /* Aliases.hpp */,
				1308E8F82AC6FCC5001EEC82 /* Comments.hpp */,
				13B13C302B66C2F000F9BCBB /* Strings.hpp */,
				1384DE7C2B6D70DE0090E24D /* Switch.hpp */,
				139634C92B9A1A85005B80F0 /* IFTE.hpp */,
				139634CC2B9A2DEA005B80F0 /* Bitwise.hpp */,
				13DC38502B9CDC7300A18451 /* Messages.hpp */,
			);
			name = include;
			sourceTree = "<group>";
		};
/* End PBXGroup section */

/* Begin PBXNativeTarget section */
		137FB2842A03B06500AEFDF2 /* p+ */ = {
			isa = PBXNativeTarget;
			buildConfigurationList = 137FB28C2A03B06500AEFDF2 /* Build configuration list for PBXNativeTarget "p+" */;
			buildPhases = (
				1352EC5D2B40B72B003130E4 /* ShellScript */,
				137FB2812A03B06500AEFDF2 /* Sources */,
				137FB2822A03B06500AEFDF2 /* Frameworks */,
				137FB2832A03B06500AEFDF2 /* CopyFiles */,
			);
			buildRules = (
			);
			dependencies = (
			);
			name = "p+";
			productName = "ppl+";
			productReference = 137FB2852A03B06500AEFDF2 /* p+ */;
			productType = "com.apple.product-type.tool";
		};
/* End PBXNativeTarget section */

/* Begin PBXProject section */
		137FB27D2A03B06500AEFDF2 /* Project object */ = {
			isa = PBXProject;
			attributes = {
				BuildIndependentTargetsInParallel = 1;
				LastUpgradeCheck = 1530;
				TargetAttributes = {
					137FB2842A03B06500AEFDF2 = {
						CreatedOnToolsVersion = 14.3;
					};
				};
			};
			buildConfigurationList = 137FB2802A03B06500AEFDF2 /* Build configuration list for PBXProject "p+" */;
			compatibilityVersion = "Xcode 14.0";
			developmentRegion = en;
			hasScannedForEncodings = 0;
			knownRegions = (
				en,
				Base,
			);
			mainGroup = 137FB27C2A03B06500AEFDF2;
			productRefGroup = 137FB2862A03B06500AEFDF2 /* Products */;
			projectDirPath = "";
			projectRoot = "";
			targets = (
				137FB2842A03B06500AEFDF2 /* p+ */,
			);
		};
/* End PBXProject section */

/* Begin PBXShellScriptBuildPhase section */
		1352EC5D2B40B72B003130E4 /* ShellScript */ = {
			isa = PBXShellScriptBuildPhase;
			alwaysOutOfDate = 1;
			buildActionMask = 2147483647;
			files = (
			);
			inputFileListPaths = (
			);
			inputPaths = (
			);
			outputFileListPaths = (
			);
			outputPaths = (
			);
			runOnlyForDeploymentPostprocessing = 0;
			shellPath = /bin/sh;
			shellScript = "# Increment version number by 0.001, allowing 1000 builds before version number is increased.\nbuild=( $(cat src/build.txt) )\nbuild=$(($build+1))\necho $build > src/build.txt\necho \"unsigned __BUILD_NUMBER=$build;\" > src/build.h\n";
		};
/* End PBXShellScriptBuildPhase section */

/* Begin PBXSourcesBuildPhase section */
		137FB2812A03B06500AEFDF2 /* Sources */ = {
			isa = PBXSourcesBuildPhase;
			buildActionMask = 2147483647;
			files = (
				1314A8B92B2A099300566D5F /* Structs.cpp in Sources */,
				13EBE2EA2B2124E200302F26 /* Enums.cpp in Sources */,
				1384DE7D2B6D70DE0090E24D /* Switch.cpp in Sources */,
				13B13C312B66C2F000F9BCBB /* Strings.cpp in Sources */,
				13C21F9A2A7829C80067CE22 /* Preprocessor.cpp in Sources */,
				137FB2892A03B06500AEFDF2 /* main.cpp in Sources */,
				139634CD2B9A2DEA005B80F0 /* Bitwise.cpp in Sources */,
				13C21F9D2A783D8D0067CE22 /* common.cpp in Sources */,
				13C21FB42A7892540067CE22 /* Alias.cpp in Sources */,
				1351CC532BF530CE0073FEDF /* Calc.cpp in Sources */,
				130342CA2A7AD8E800142B74 /* Auto.cpp in Sources */,
				139634CA2B9A1A85005B80F0 /* IFTE.cpp in Sources */,
				1351CC542BF9514F0073FEDF /* Messages.cpp in Sources */,
				13F1D8832AB6185400EF623A /* Aliases.cpp in Sources */,
				1308E8F62AC48F20001EEC82 /* Singleton.cpp in Sources */,
				1308E8F92AC6FCC5001EEC82 /* Comments.cpp in Sources */,
				13EBE2ED2B2216E500302F26 /* Def.cpp in Sources */,
			);
			runOnlyForDeploymentPostprocessing = 0;
		};
/* End PBXSourcesBuildPhase section */

/* Begin XCBuildConfiguration section */
		137FB28A2A03B06500AEFDF2 /* Debug */ = {
			isa = XCBuildConfiguration;
			buildSettings = {
				ALWAYS_SEARCH_USER_PATHS = NO;
				CLANG_ANALYZER_NONNULL = YES;
				CLANG_ANALYZER_NUMBER_OBJECT_CONVERSION = YES_AGGRESSIVE;
				CLANG_CXX_LANGUAGE_STANDARD = "gnu++20";
				CLANG_ENABLE_MODULES = YES;
				CLANG_ENABLE_OBJC_ARC = YES;
				CLANG_ENABLE_OBJC_WEAK = YES;
				CLANG_WARN_BLOCK_CAPTURE_AUTORELEASING = YES;
				CLANG_WARN_BOOL_CONVERSION = YES;
				CLANG_WARN_COMMA = YES;
				CLANG_WARN_CONSTANT_CONVERSION = YES;
				CLANG_WARN_DEPRECATED_OBJC_IMPLEMENTATIONS = YES;
				CLANG_WARN_DIRECT_OBJC_ISA_USAGE = YES_ERROR;
				CLANG_WARN_DOCUMENTATION_COMMENTS = YES;
				CLANG_WARN_EMPTY_BODY = YES;
				CLANG_WARN_ENUM_CONVERSION = YES;
				CLANG_WARN_INFINITE_RECURSION = YES;
				CLANG_WARN_INT_CONVERSION = YES;
				CLANG_WARN_NON_LITERAL_NULL_CONVERSION = YES;
				CLANG_WARN_OBJC_IMPLICIT_RETAIN_SELF = YES;
				CLANG_WARN_OBJC_LITERAL_CONVERSION = YES;
				CLANG_WARN_OBJC_ROOT_CLASS = YES_ERROR;
				CLANG_WARN_QUOTED_INCLUDE_IN_FRAMEWORK_HEADER = YES;
				CLANG_WARN_RANGE_LOOP_ANALYSIS = YES;
				CLANG_WARN_STRICT_PROTOTYPES = YES;
				CLANG_WARN_SUSPICIOUS_MOVE = YES;
				CLANG_WARN_UNGUARDED_AVAILABILITY = YES_AGGRESSIVE;
				CLANG_WARN_UNREACHABLE_CODE = YES;
				CLANG_WARN__DUPLICATE_METHOD_MATCH = YES;
				COPY_PHASE_STRIP = NO;
				DEAD_CODE_STRIPPING = YES;
				DEBUG_INFORMATION_FORMAT = dwarf;
				ENABLE_STRICT_OBJC_MSGSEND = YES;
				ENABLE_TESTABILITY = YES;
				ENABLE_USER_SCRIPT_SANDBOXING = YES;
				GCC_C_LANGUAGE_STANDARD = gnu11;
				GCC_DYNAMIC_NO_PIC = NO;
				GCC_NO_COMMON_BLOCKS = YES;
				GCC_OPTIMIZATION_LEVEL = 0;
				GCC_PREPROCESSOR_DEFINITIONS = (
					"DEBUG=1",
					"$(inherited)",
				);
				GCC_WARN_64_TO_32_BIT_CONVERSION = YES;
				GCC_WARN_ABOUT_RETURN_TYPE = YES_ERROR;
				GCC_WARN_UNDECLARED_SELECTOR = YES;
				GCC_WARN_UNINITIALIZED_AUTOS = YES_AGGRESSIVE;
				GCC_WARN_UNUSED_FUNCTION = YES;
				GCC_WARN_UNUSED_VARIABLE = YES;
				MACOSX_DEPLOYMENT_TARGET = 13.2;
				MTL_ENABLE_DEBUG_INFO = INCLUDE_SOURCE;
				MTL_FAST_MATH = YES;
				ONLY_ACTIVE_ARCH = YES;
				SDKROOT = macosx;
			};
			name = Debug;
		};
		137FB28B2A03B06500AEFDF2 /* Release */ = {
			isa = XCBuildConfiguration;
			buildSettings = {
				ALWAYS_SEARCH_USER_PATHS = NO;
				CLANG_ANALYZER_NONNULL = YES;
				CLANG_ANALYZER_NUMBER_OBJECT_CONVERSION = YES_AGGRESSIVE;
				CLANG_CXX_LANGUAGE_STANDARD = "gnu++20";
				CLANG_ENABLE_MODULES = YES;
				CLANG_ENABLE_OBJC_ARC = YES;
				CLANG_ENABLE_OBJC_WEAK = YES;
				CLANG_WARN_BLOCK_CAPTURE_AUTORELEASING = YES;
				CLANG_WARN_BOOL_CONVERSION = YES;
				CLANG_WARN_COMMA = YES;
				CLANG_WARN_CONSTANT_CONVERSION = YES;
				CLANG_WARN_DEPRECATED_OBJC_IMPLEMENTATIONS = YES;
				CLANG_WARN_DIRECT_OBJC_ISA_USAGE = YES_ERROR;
				CLANG_WARN_DOCUMENTATION_COMMENTS = YES;
				CLANG_WARN_EMPTY_BODY = YES;
				CLANG_WARN_ENUM_CONVERSION = YES;
				CLANG_WARN_INFINITE_RECURSION = YES;
				CLANG_WARN_INT_CONVERSION = YES;
				CLANG_WARN_NON_LITERAL_NULL_CONVERSION = YES;
				CLANG_WARN_OBJC_IMPLICIT_RETAIN_SELF = YES;
				CLANG_WARN_OBJC_LITERAL_CONVERSION = YES;
				CLANG_WARN_OBJC_ROOT_CLASS = YES_ERROR;
				CLANG_WARN_QUOTED_INCLUDE_IN_FRAMEWORK_HEADER = YES;
				CLANG_WARN_RANGE_LOOP_ANALYSIS = YES;
				CLANG_WARN_STRICT_PROTOTYPES = YES;
				CLANG_WARN_SUSPICIOUS_MOVE = YES;
				CLANG_WARN_UNGUARDED_AVAILABILITY = YES_AGGRESSIVE;
				CLANG_WARN_UNREACHABLE_CODE = YES;
				CLANG_WARN__DUPLICATE_METHOD_MATCH = YES;
				COPY_PHASE_STRIP = NO;
				DEAD_CODE_STRIPPING = YES;
				DEBUG_INFORMATION_FORMAT = "dwarf-with-dsym";
				ENABLE_NS_ASSERTIONS = NO;
				ENABLE_STRICT_OBJC_MSGSEND = YES;
				ENABLE_USER_SCRIPT_SANDBOXING = YES;
				GCC_C_LANGUAGE_STANDARD = gnu11;
				GCC_NO_COMMON_BLOCKS = YES;
				GCC_WARN_64_TO_32_BIT_CONVERSION = YES;
				GCC_WARN_ABOUT_RETURN_TYPE = YES_ERROR;
				GCC_WARN_UNDECLARED_SELECTOR = YES;
				GCC_WARN_UNINITIALIZED_AUTOS = YES_AGGRESSIVE;
				GCC_WARN_UNUSED_FUNCTION = YES;
				GCC_WARN_UNUSED_VARIABLE = YES;
				MACOSX_DEPLOYMENT_TARGET = 13.2;
				MTL_ENABLE_DEBUG_INFO = NO;
				MTL_FAST_MATH = YES;
				SDKROOT = macosx;
			};
			name = Release;
		};
		137FB28D2A03B06500AEFDF2 /* Debug */ = {
			isa = XCBuildConfiguration;
			buildSettings = {
				CODE_SIGN_ENTITLEMENTS = "p+.entitlements";
				"CODE_SIGN_IDENTITY[sdk=macosx*]" = "-";
				CODE_SIGN_STYLE = Automatic;
				DEAD_CODE_STRIPPING = YES;
				DEVELOPMENT_TEAM = "";
				ENABLE_HARDENED_RUNTIME = NO;
				ENABLE_USER_SCRIPT_SANDBOXING = NO;
				ENABLE_USER_SELECTED_FILES = "";
				PRODUCT_NAME = "$(TARGET_NAME)";
			};
			name = Debug;
		};
		137FB28E2A03B06500AEFDF2 /* Release */ = {
			isa = XCBuildConfiguration;
			buildSettings = {
				CODE_SIGN_ENTITLEMENTS = "p+.entitlements";
				"CODE_SIGN_IDENTITY[sdk=macosx*]" = "-";
				CODE_SIGN_STYLE = Manual;
				DEAD_CODE_STRIPPING = YES;
				DEVELOPMENT_TEAM = "";
				ENABLE_HARDENED_RUNTIME = NO;
				ENABLE_USER_SCRIPT_SANDBOXING = NO;
				ENABLE_USER_SELECTED_FILES = "";
				PRODUCT_NAME = "$(TARGET_NAME)";
				PROVISIONING_PROFILE_SPECIFIER = "";
			};
			name = Release;
		};
/* End XCBuildConfiguration section */

/* Begin XCConfigurationList section */
		137FB2802A03B06500AEFDF2 /* Build configuration list for PBXProject "p+" */ = {
			isa = XCConfigurationList;
			buildConfigurations = (
				137FB28A2A03B06500AEFDF2 /* Debug */,
				137FB28B2A03B06500AEFDF2 /* Release */,
			);
			defaultConfigurationIsVisible = 0;
			defaultConfigurationName = Release;
		};
		137FB28C2A03B06500AEFDF2 /* Build configuration list for PBXNativeTarget "p+" */ = {
			isa = XCConfigurationList;
			buildConfigurations = (
				137FB28D2A03B06500AEFDF2 /* Debug */,
				137FB28E2A03B06500AEFDF2 /* Release */,
			);
			defaultConfigurationIsVisible = 0;
			defaultConfigurationName = Release;
		};
/* End XCConfigurationList section */
	};
	rootObject = 137FB27D2A03B06500AEFDF2 /* Project object */;
}
